
Microsoft Visual Studio Solution File, Format Version 12.00
# Visual Studio 15
VisualStudioVersion = 15.0.27004.2005
MinimumVisualStudioVersion = 10.0.40219.1
Project("{2150E333-8FDC-42A3-9474-1A3956D46DE8}") = ".paket", ".paket", "{2CB1F351-173A-40D4-A1C5-852448A96C2B}"
	ProjectSection(SolutionItems) = preProject
		paket.dependencies = paket.dependencies
		paket.lock = paket.lock
	EndProjectSection
EndProject
Project("{FAE04EC0-301F-11D3-BF4B-00C04F79EFBC}") = "Fluent.Ribbon.Showcase.NET 4.5", "Fluent.Ribbon.Showcase\Fluent.Ribbon.Showcase.NET 4.5.csproj", "{2C2A076B-E626-4A07-9D6E-4AEE3FEC41B6}"
EndProject
Project("{FAE04EC0-301F-11D3-BF4B-00C04F79EFBC}") = "Fluent.Ribbon.NET 4.5", "Fluent.Ribbon\Fluent.Ribbon.NET 4.5.csproj", "{4C92FCF4-3561-499F-BC5B-F2F089863047}"
EndProject
Project("{FAE04EC0-301F-11D3-BF4B-00C04F79EFBC}") = "Fluent.Ribbon.NET 4.0", "Fluent.Ribbon\Fluent.Ribbon.NET 4.0.csproj", "{281095D8-D8B3-4A7F-8896-646483FB685C}"
	ProjectSection(ProjectDependencies) = postProject
		{4C92FCF4-3561-499F-BC5B-F2F089863047} = {4C92FCF4-3561-499F-BC5B-F2F089863047}
	EndProjectSection
EndProject
Project("{FAE04EC0-301F-11D3-BF4B-00C04F79EFBC}") = "Fluent.Ribbon.Showcase.NET 4.0", "Fluent.Ribbon.Showcase\Fluent.Ribbon.Showcase.NET 4.0.csproj", "{2A893D50-BBC4-4482-ADAA-D52B517E8632}"
EndProject
Project("{2150E333-8FDC-42A3-9474-1A3956D46DE8}") = "Doc", "Doc", "{1318E3D3-5156-45FE-9828-464A2D0235E0}"
	ProjectSection(SolutionItems) = preProject
		Doc\Fluent Ribbon Control Suite Walkthrough.pdf = Doc\Fluent Ribbon Control Suite Walkthrough.pdf
	EndProjectSection
EndProject
Project("{2150E333-8FDC-42A3-9474-1A3956D46DE8}") = "Build", "Build", "{CDBFA905-C104-421D-9502-C4DF042EC048}"
	ProjectSection(SolutionItems) = preProject
		appveyor.yml = appveyor.yml
		Build.ps1 = Build.ps1
		Fluent.Ribbon.msbuild = Fluent.Ribbon.msbuild
		Fluent.Ribbon.nuspec = Fluent.Ribbon.nuspec
		MSBuildHelper.ps1 = MSBuildHelper.ps1
	EndProjectSection
EndProject
Project("{2150E333-8FDC-42A3-9474-1A3956D46DE8}") = "Solution Items", "Solution Items", "{C6ADD536-3DB2-4418-AED6-98AB991D1B77}"
	ProjectSection(SolutionItems) = preProject
		.editorconfig = .editorconfig
		Changelog.md = Changelog.md
		Fluent.Ribbon.ruleset = Fluent.Ribbon.ruleset
		Shared\GlobalAssemblyInfo.cs = Shared\GlobalAssemblyInfo.cs
		License.txt = License.txt
		README.md = README.md
	EndProjectSection
EndProject
Project("{FAE04EC0-301F-11D3-BF4B-00C04F79EFBC}") = "Fluent.Ribbon.Tests.NET 4.5", "Fluent.Ribbon.Tests\Fluent.Ribbon.Tests.NET 4.5.csproj", "{11E74323-57EB-4F25-AB3B-0759B1F978ED}"
EndProject
Project("{2150E333-8FDC-42A3-9474-1A3956D46DE8}") = ".github", ".github", "{F645176A-E1EC-4CD6-B2E6-DCECB24DC102}"
	ProjectSection(SolutionItems) = preProject
		.github\ISSUE_TEMPLATE.md = .github\ISSUE_TEMPLATE.md
	EndProjectSection
EndProject
Project("{FAE04EC0-301F-11D3-BF4B-00C04F79EFBC}") = "Fluent.Ribbon.NET 4.6.2", "Fluent.Ribbon\Fluent.Ribbon.NET 4.6.2.csproj", "{B31271B7-F412-44C0-AD21-2BD064E86707}"
EndProject
Project("{FAE04EC0-301F-11D3-BF4B-00C04F79EFBC}") = "Fluent.Ribbon.Showcase.NET 4.6.2", "Fluent.Ribbon.Showcase\Fluent.Ribbon.Showcase.NET 4.6.2.csproj", "{0C2A086B-4333-46C1-85B6-A5933CB1BC60}"
EndProject
Project("{FAE04EC0-301F-11D3-BF4B-00C04F79EFBC}") = "Fluent.Ribbon.Tests.NET 4.0", "Fluent.Ribbon.Tests\Fluent.Ribbon.Tests.NET 4.0.csproj", "{7388D6B5-F2DB-420F-893D-C5B1B5647F15}"
EndProject
Project("{FAE04EC0-301F-11D3-BF4B-00C04F79EFBC}") = "Fluent.Ribbon.Tests.NET 4.6.2", "Fluent.Ribbon.Tests\Fluent.Ribbon.Tests.NET 4.6.2.csproj", "{DA136141-B444-4CD8-BE8F-D410551031D6}"
EndProject
Global
	GlobalSection(SolutionConfigurationPlatforms) = preSolution
		Debug|Any CPU = Debug|Any CPU
		Release|Any CPU = Release|Any CPU
	EndGlobalSection
	GlobalSection(ProjectConfigurationPlatforms) = postSolution
		{2C2A076B-E626-4A07-9D6E-4AEE3FEC41B6}.Debug|Any CPU.ActiveCfg = Debug|Any CPU
		{2C2A076B-E626-4A07-9D6E-4AEE3FEC41B6}.Debug|Any CPU.Build.0 = Debug|Any CPU
		{2C2A076B-E626-4A07-9D6E-4AEE3FEC41B6}.Release|Any CPU.ActiveCfg = Release|Any CPU
		{2C2A076B-E626-4A07-9D6E-4AEE3FEC41B6}.Release|Any CPU.Build.0 = Release|Any CPU
		{4C92FCF4-3561-499F-BC5B-F2F089863047}.Debug|Any CPU.ActiveCfg = Debug|Any CPU
		{4C92FCF4-3561-499F-BC5B-F2F089863047}.Debug|Any CPU.Build.0 = Debug|Any CPU
		{4C92FCF4-3561-499F-BC5B-F2F089863047}.Release|Any CPU.ActiveCfg = Release|Any CPU
		{4C92FCF4-3561-499F-BC5B-F2F089863047}.Release|Any CPU.Build.0 = Release|Any CPU
		{281095D8-D8B3-4A7F-8896-646483FB685C}.Debug|Any CPU.ActiveCfg = Debug|Any CPU
		{281095D8-D8B3-4A7F-8896-646483FB685C}.Debug|Any CPU.Build.0 = Debug|Any CPU
		{281095D8-D8B3-4A7F-8896-646483FB685C}.Release|Any CPU.ActiveCfg = Release|Any CPU
		{281095D8-D8B3-4A7F-8896-646483FB685C}.Release|Any CPU.Build.0 = Release|Any CPU
		{2A893D50-BBC4-4482-ADAA-D52B517E8632}.Debug|Any CPU.ActiveCfg = Debug|Any CPU
		{2A893D50-BBC4-4482-ADAA-D52B517E8632}.Debug|Any CPU.Build.0 = Debug|Any CPU
		{2A893D50-BBC4-4482-ADAA-D52B517E8632}.Release|Any CPU.ActiveCfg = Release|Any CPU
		{2A893D50-BBC4-4482-ADAA-D52B517E8632}.Release|Any CPU.Build.0 = Release|Any CPU
		{11E74323-57EB-4F25-AB3B-0759B1F978ED}.Debug|Any CPU.ActiveCfg = Debug|Any CPU
		{11E74323-57EB-4F25-AB3B-0759B1F978ED}.Debug|Any CPU.Build.0 = Debug|Any CPU
		{11E74323-57EB-4F25-AB3B-0759B1F978ED}.Release|Any CPU.ActiveCfg = Release|Any CPU
		{11E74323-57EB-4F25-AB3B-0759B1F978ED}.Release|Any CPU.Build.0 = Release|Any CPU
		{B31271B7-F412-44C0-AD21-2BD064E86707}.Debug|Any CPU.ActiveCfg = Debug|Any CPU
		{B31271B7-F412-44C0-AD21-2BD064E86707}.Debug|Any CPU.Build.0 = Debug|Any CPU
		{B31271B7-F412-44C0-AD21-2BD064E86707}.Release|Any CPU.ActiveCfg = Release|Any CPU
		{B31271B7-F412-44C0-AD21-2BD064E86707}.Release|Any CPU.Build.0 = Release|Any CPU
		{0C2A086B-4333-46C1-85B6-A5933CB1BC60}.Debug|Any CPU.ActiveCfg = Debug|Any CPU
		{0C2A086B-4333-46C1-85B6-A5933CB1BC60}.Debug|Any CPU.Build.0 = Debug|Any CPU
		{0C2A086B-4333-46C1-85B6-A5933CB1BC60}.Release|Any CPU.ActiveCfg = Release|Any CPU
		{0C2A086B-4333-46C1-85B6-A5933CB1BC60}.Release|Any CPU.Build.0 = Release|Any CPU
		{7388D6B5-F2DB-420F-893D-C5B1B5647F15}.Debug|Any CPU.ActiveCfg = Debug|Any CPU
		{7388D6B5-F2DB-420F-893D-C5B1B5647F15}.Debug|Any CPU.Build.0 = Debug|Any CPU
		{7388D6B5-F2DB-420F-893D-C5B1B5647F15}.Release|Any CPU.ActiveCfg = Release|Any CPU
		{7388D6B5-F2DB-420F-893D-C5B1B5647F15}.Release|Any CPU.Build.0 = Release|Any CPU
		{DA136141-B444-4CD8-BE8F-D410551031D6}.Debug|Any CPU.ActiveCfg = Debug|Any CPU
		{DA136141-B444-4CD8-BE8F-D410551031D6}.Debug|Any CPU.Build.0 = Debug|Any CPU
		{DA136141-B444-4CD8-BE8F-D410551031D6}.Release|Any CPU.ActiveCfg = Release|Any CPU
		{DA136141-B444-4CD8-BE8F-D410551031D6}.Release|Any CPU.Build.0 = Release|Any CPU
	EndGlobalSection
	GlobalSection(SolutionProperties) = preSolution
		HideSolutionNode = FALSE
	EndGlobalSection
	GlobalSection(ExtensibilityGlobals) = postSolution
		SolutionGuid = {10F6867B-74CF-4D00-B071-A5549F52E18F}
	EndGlobalSection
EndGlobal
