
Microsoft Visual Studio Solution File, Format Version 11.00
# Visual Studio 2010
Project("{FAE04EC0-301F-11D3-BF4B-00C04F79EFBC}") = "FluentTest dotNET 4.0", "FluentTest\FluentTest dotNET 4.0.csproj", "{2C2A076B-E626-4A07-9D6E-4AEE3FEC41B6}"
EndProject
Project("{FAE04EC0-301F-11D3-BF4B-00C04F79EFBC}") = "Fluent dotNET 4.0", "Fluent\Fluent dotNET 4.0.csproj", "{4C92FCF4-3561-499F-BC5B-F2F089863047}"
EndProject
Global
	GlobalSection(SolutionConfigurationPlatforms) = preSolution
		Debug|Any CPU = Debug|Any CPU
		Release|Any CPU = Release|Any CPU
	EndGlobalSection
	GlobalSection(ProjectConfigurationPlatforms) = postSolution
		{2C2A076B-E626-4A07-9D6E-4AEE3FEC41B6}.Debug|Any CPU.ActiveCfg = Debug|Any CPU
		{2C2A076B-E626-4A07-9D6E-4AEE3FEC41B6}.Debug|Any CPU.Build.0 = Debug|Any CPU
		{2C2A076B-E626-4A07-9D6E-4AEE3FEC41B6}.Release|Any CPU.ActiveCfg = Release|Any CPU
		{2C2A076B-E626-4A07-9D6E-4AEE3FEC41B6}.Release|Any CPU.Build.0 = Release|Any CPU
		{4C92FCF4-3561-499F-BC5B-F2F089863047}.Debug|Any CPU.ActiveCfg = Debug|Any CPU
		{4C92FCF4-3561-499F-BC5B-F2F089863047}.Debug|Any CPU.Build.0 = Debug|Any CPU
		{4C92FCF4-3561-499F-BC5B-F2F089863047}.Release|Any CPU.ActiveCfg = Release|Any CPU
		{4C92FCF4-3561-499F-BC5B-F2F089863047}.Release|Any CPU.Build.0 = Release|Any CPU
	EndGlobalSection
	GlobalSection(SolutionProperties) = preSolution
		HideSolutionNode = FALSE
	EndGlobalSection
EndGlobal
